
Microsoft Visual Studio Solution File, Format Version 12.00
# Visual Studio Version 17
VisualStudioVersion = 17.3.32929.385
MinimumVisualStudioVersion = 10.0.40219.1
Project("{FAE04EC0-301F-11D3-BF4B-00C04F79EFBC}") = "MVCMusicStore", "MVCMusicStore\MVCMusicStore.csproj", "{AE7AB9EF-8E03-4AB4-A3F7-150A71E35C5C}"
EndProject
Global
	GlobalSection(SolutionConfigurationPlatforms) = preSolution
		Debug|Any CPU = Debug|Any CPU
		Release|Any CPU = Release|Any CPU
	EndGlobalSection
	GlobalSection(ProjectConfigurationPlatforms) = postSolution
		{AE7AB9EF-8E03-4AB4-A3F7-150A71E35C5C}.Debug|Any CPU.ActiveCfg = Debug|Any CPU
		{AE7AB9EF-8E03-4AB4-A3F7-150A71E35C5C}.Debug|Any CPU.Build.0 = Debug|Any CPU
		{AE7AB9EF-8E03-4AB4-A3F7-150A71E35C5C}.Release|Any CPU.ActiveCfg = Release|Any CPU
		{AE7AB9EF-8E03-4AB4-A3F7-150A71E35C5C}.Release|Any CPU.Build.0 = Release|Any CPU
	EndGlobalSection
	GlobalSection(SolutionProperties) = preSolution
		HideSolutionNode = FALSE
	EndGlobalSection
	GlobalSection(ExtensibilityGlobals) = postSolution
		SolutionGuid = {3226F048-8C9C-4CD2-920E-229B05E9F222}
	EndGlobalSection
EndGlobal
